// !$*UTF8*$!
{
	archiveVersion = 1;
	classes = {
	};
	objectVersion = 51;
	objects = {

/* Begin PBXBuildFile section */
		188C612225E0DD2300376FD4 /* AppDelegate.swift in Sources */ = {isa = PBXBuildFile; fileRef = 188C612125E0DD2300376FD4 /* AppDelegate.swift */; };
		188C612425E0DD2300376FD4 /* SceneDelegate.swift in Sources */ = {isa = PBXBuildFile; fileRef = 188C612325E0DD2300376FD4 /* SceneDelegate.swift */; };
		188C612625E0DD2300376FD4 /* ViewController.swift in Sources */ = {isa = PBXBuildFile; fileRef = 188C612525E0DD2300376FD4 /* ViewController.swift */; };
		188C612925E0DD2300376FD4 /* Main.storyboard in Resources */ = {isa = PBXBuildFile; fileRef = 188C612725E0DD2300376FD4 /* Main.storyboard */; };
		188C612E25E0DD2500376FD4 /* LaunchScreen.storyboard in Resources */ = {isa = PBXBuildFile; fileRef = 188C612C25E0DD2500376FD4 /* LaunchScreen.storyboard */; };
		188C613B25E0EB9000376FD4 /* InputViewController.swift in Sources */ = {isa = PBXBuildFile; fileRef = 188C613A25E0EB9000376FD4 /* InputViewController.swift */; };
		1895590625E47F5100580980 /* default.realm in Resources */ = {isa = PBXBuildFile; fileRef = 1895590525E47F5100580980 /* default.realm */; };
		1895590825E47F5900580980 /* default-model.swift in Sources */ = {isa = PBXBuildFile; fileRef = 1895590725E47F5900580980 /* default-model.swift */; };
		18E0072A25E7B71C00D58F68 /* CalcViewController.swift in Sources */ = {isa = PBXBuildFile; fileRef = 18E0072925E7B71C00D58F68 /* CalcViewController.swift */; };
		8D2E29C642CC930F0541D215 /* Pods_RealmTest.framework in Frameworks */ = {isa = PBXBuildFile; fileRef = 42DDCDB0FB6AA7FBE965E7DB /* Pods_RealmTest.framework */; };
/* End PBXBuildFile section */

/* Begin PBXFileReference section */
		005AE48F374210FB3B959D26 /* Pods-RealmTest.debug.xcconfig */ = {isa = PBXFileReference; includeInIndex = 1; lastKnownFileType = text.xcconfig; name = "Pods-RealmTest.debug.xcconfig"; path = "Target Support Files/Pods-RealmTest/Pods-RealmTest.debug.xcconfig"; sourceTree = "<group>"; };
		188C611E25E0DD2300376FD4 /* RealmTest.app */ = {isa = PBXFileReference; explicitFileType = wrapper.application; includeInIndex = 0; path = RealmTest.app; sourceTree = BUILT_PRODUCTS_DIR; };
		188C612125E0DD2300376FD4 /* AppDelegate.swift */ = {isa = PBXFileReference; lastKnownFileType = sourcecode.swift; path = AppDelegate.swift; sourceTree = "<group>"; };
		188C612325E0DD2300376FD4 /* SceneDelegate.swift */ = {isa = PBXFileReference; lastKnownFileType = sourcecode.swift; path = SceneDelegate.swift; sourceTree = "<group>"; };
		188C612525E0DD2300376FD4 /* ViewController.swift */ = {isa = PBXFileReference; lastKnownFileType = sourcecode.swift; path = ViewController.swift; sourceTree = "<group>"; };
		188C612825E0DD2300376FD4 /* Base */ = {isa = PBXFileReference; lastKnownFileType = file.storyboard; name = Base; path = Base.lproj/Main.storyboard; sourceTree = "<group>"; };
		188C612D25E0DD2500376FD4 /* Base */ = {isa = PBXFileReference; lastKnownFileType = file.storyboard; name = Base; path = Base.lproj/LaunchScreen.storyboard; sourceTree = "<group>"; };
		188C612F25E0DD2500376FD4 /* Info.plist */ = {isa = PBXFileReference; lastKnownFileType = text.plist.xml; path = Info.plist; sourceTree = "<group>"; };
		188C613A25E0EB9000376FD4 /* InputViewController.swift */ = {isa = PBXFileReference; lastKnownFileType = sourcecode.swift; path = InputViewController.swift; sourceTree = "<group>"; };
		1895590525E47F5100580980 /* default.realm */ = {isa = PBXFileReference; lastKnownFileType = file; name = default.realm; path = ../../../default.realm; sourceTree = "<group>"; };
		1895590725E47F5900580980 /* default-model.swift */ = {isa = PBXFileReference; fileEncoding = 4; lastKnownFileType = sourcecode.swift; path = "default-model.swift"; sourceTree = "<group>"; };
		18E0072925E7B71C00D58F68 /* CalcViewController.swift */ = {isa = PBXFileReference; lastKnownFileType = sourcecode.swift; path = CalcViewController.swift; sourceTree = "<group>"; };
		42DDCDB0FB6AA7FBE965E7DB /* Pods_RealmTest.framework */ = {isa = PBXFileReference; explicitFileType = wrapper.framework; includeInIndex = 0; path = Pods_RealmTest.framework; sourceTree = BUILT_PRODUCTS_DIR; };
		4F27D4122CA7F91059020E51 /* Pods-RealmTest.release.xcconfig */ = {isa = PBXFileReference; includeInIndex = 1; lastKnownFileType = text.xcconfig; name = "Pods-RealmTest.release.xcconfig"; path = "Target Support Files/Pods-RealmTest/Pods-RealmTest.release.xcconfig"; sourceTree = "<group>"; };
/* End PBXFileReference section */

/* Begin PBXFrameworksBuildPhase section */
		188C611B25E0DD2300376FD4 /* Frameworks */ = {
			isa = PBXFrameworksBuildPhase;
			buildActionMask = 2147483647;
			files = (
				8D2E29C642CC930F0541D215 /* Pods_RealmTest.framework in Frameworks */,
			);
			runOnlyForDeploymentPostprocessing = 0;
		};
/* End PBXFrameworksBuildPhase section */

/* Begin PBXGroup section */
		188C611525E0DD2300376FD4 = {
			isa = PBXGroup;
			children = (
				188C612025E0DD2300376FD4 /* RealmTest */,
				188C611F25E0DD2300376FD4 /* Products */,
				E030A387ED1AA5CBD3FFE924 /* Pods */,
				C349A8E5DB16C0C77D42AAA8 /* Frameworks */,
			);
			sourceTree = "<group>";
		};
		188C611F25E0DD2300376FD4 /* Products */ = {
			isa = PBXGroup;
			children = (
				188C611E25E0DD2300376FD4 /* RealmTest.app */,
			);
			name = Products;
			sourceTree = "<group>";
		};
		188C612025E0DD2300376FD4 /* RealmTest */ = {
			isa = PBXGroup;
			children = (
				188C612125E0DD2300376FD4 /* AppDelegate.swift */,
				188C612325E0DD2300376FD4 /* SceneDelegate.swift */,
				1895590525E47F5100580980 /* default.realm */,
				1895590725E47F5900580980 /* default-model.swift */,
				188C612725E0DD2300376FD4 /* Main.storyboard */,
				188C612525E0DD2300376FD4 /* ViewController.swift */,
				18E0072925E7B71C00D58F68 /* CalcViewController.swift */,
				188C613A25E0EB9000376FD4 /* InputViewController.swift */,
				188C612C25E0DD2500376FD4 /* LaunchScreen.storyboard */,
				188C612F25E0DD2500376FD4 /* Info.plist */,
			);
			path = RealmTest;
			sourceTree = "<group>";
		};
		C349A8E5DB16C0C77D42AAA8 /* Frameworks */ = {
			isa = PBXGroup;
			children = (
				42DDCDB0FB6AA7FBE965E7DB /* Pods_RealmTest.framework */,
			);
			name = Frameworks;
			sourceTree = "<group>";
		};
		E030A387ED1AA5CBD3FFE924 /* Pods */ = {
			isa = PBXGroup;
			children = (
				005AE48F374210FB3B959D26 /* Pods-RealmTest.debug.xcconfig */,
				4F27D4122CA7F91059020E51 /* Pods-RealmTest.release.xcconfig */,
			);
			path = Pods;
			sourceTree = "<group>";
		};
/* End PBXGroup section */

/* Begin PBXNativeTarget section */
		188C611D25E0DD2300376FD4 /* RealmTest */ = {
			isa = PBXNativeTarget;
			buildConfigurationList = 188C613225E0DD2500376FD4 /* Build configuration list for PBXNativeTarget "RealmTest" */;
			buildPhases = (
				AA1803C8D10D1A85831C4F17 /* [CP] Check Pods Manifest.lock */,
				188C611A25E0DD2300376FD4 /* Sources */,
				188C611B25E0DD2300376FD4 /* Frameworks */,
				188C611C25E0DD2300376FD4 /* Resources */,
				02A1755BC5A0ECD938E98A84 /* [CP] Embed Pods Frameworks */,
			);
			buildRules = (
			);
			dependencies = (
			);
			name = RealmTest;
			productName = RealmTest;
			productReference = 188C611E25E0DD2300376FD4 /* RealmTest.app */;
			productType = "com.apple.product-type.application";
		};
/* End PBXNativeTarget section */

/* Begin PBXProject section */
		188C611625E0DD2300376FD4 /* Project object */ = {
			isa = PBXProject;
			attributes = {
				LastSwiftUpdateCheck = 1150;
				LastUpgradeCheck = 1240;
				ORGANIZATIONNAME = toaster;
				TargetAttributes = {
					188C611D25E0DD2300376FD4 = {
						CreatedOnToolsVersion = 11.5;
					};
				};
			};
			buildConfigurationList = 188C611925E0DD2300376FD4 /* Build configuration list for PBXProject "RealmTest" */;
			compatibilityVersion = "Xcode 9.3";
			developmentRegion = en;
			hasScannedForEncodings = 0;
			knownRegions = (
				en,
				Base,
			);
			mainGroup = 188C611525E0DD2300376FD4;
			productRefGroup = 188C611F25E0DD2300376FD4 /* Products */;
			projectDirPath = "";
			projectRoot = "";
			targets = (
				188C611D25E0DD2300376FD4 /* RealmTest */,
			);
		};
/* End PBXProject section */

/* Begin PBXResourcesBuildPhase section */
		188C611C25E0DD2300376FD4 /* Resources */ = {
			isa = PBXResourcesBuildPhase;
			buildActionMask = 2147483647;
			files = (
				188C612E25E0DD2500376FD4 /* LaunchScreen.storyboard in Resources */,
				188C612925E0DD2300376FD4 /* Main.storyboard in Resources */,
				1895590625E47F5100580980 /* default.realm in Resources */,
			);
			runOnlyForDeploymentPostprocessing = 0;
		};
/* End PBXResourcesBuildPhase section */

/* Begin PBXShellScriptBuildPhase section */
		02A1755BC5A0ECD938E98A84 /* [CP] Embed Pods Frameworks */ = {
			isa = PBXShellScriptBuildPhase;
			buildActionMask = 2147483647;
			files = (
			);
			inputFileListPaths = (
				"${PODS_ROOT}/Target Support Files/Pods-RealmTest/Pods-RealmTest-frameworks-${CONFIGURATION}-input-files.xcfilelist",
			);
			name = "[CP] Embed Pods Frameworks";
			outputFileListPaths = (
				"${PODS_ROOT}/Target Support Files/Pods-RealmTest/Pods-RealmTest-frameworks-${CONFIGURATION}-output-files.xcfilelist",
			);
			runOnlyForDeploymentPostprocessing = 0;
			shellPath = /bin/sh;
			shellScript = "\"${PODS_ROOT}/Target Support Files/Pods-RealmTest/Pods-RealmTest-frameworks.sh\"\n";
			showEnvVarsInLog = 0;
		};
		AA1803C8D10D1A85831C4F17 /* [CP] Check Pods Manifest.lock */ = {
			isa = PBXShellScriptBuildPhase;
			buildActionMask = 2147483647;
			files = (
			);
			inputFileListPaths = (
			);
			inputPaths = (
				"${PODS_PODFILE_DIR_PATH}/Podfile.lock",
				"${PODS_ROOT}/Manifest.lock",
			);
			name = "[CP] Check Pods Manifest.lock";
			outputFileListPaths = (
			);
			outputPaths = (
				"$(DERIVED_FILE_DIR)/Pods-RealmTest-checkManifestLockResult.txt",
			);
			runOnlyForDeploymentPostprocessing = 0;
			shellPath = /bin/sh;
			shellScript = "diff \"${PODS_PODFILE_DIR_PATH}/Podfile.lock\" \"${PODS_ROOT}/Manifest.lock\" > /dev/null\nif [ $? != 0 ] ; then\n    # print error to STDERR\n    echo \"error: The sandbox is not in sync with the Podfile.lock. Run 'pod install' or update your CocoaPods installation.\" >&2\n    exit 1\nfi\n# This output is used by Xcode 'outputs' to avoid re-running this script phase.\necho \"SUCCESS\" > \"${SCRIPT_OUTPUT_FILE_0}\"\n";
			showEnvVarsInLog = 0;
		};
/* End PBXShellScriptBuildPhase section */

/* Begin PBXSourcesBuildPhase section */
		188C611A25E0DD2300376FD4 /* Sources */ = {
			isa = PBXSourcesBuildPhase;
			buildActionMask = 2147483647;
			files = (
				188C613B25E0EB9000376FD4 /* InputViewController.swift in Sources */,
				18E0072A25E7B71C00D58F68 /* CalcViewController.swift in Sources */,
				1895590825E47F5900580980 /* default-model.swift in Sources */,
				188C612625E0DD2300376FD4 /* ViewController.swift in Sources */,
				188C612225E0DD2300376FD4 /* AppDelegate.swift in Sources */,
				188C612425E0DD2300376FD4 /* SceneDelegate.swift in Sources */,
			);
			runOnlyForDeploymentPostprocessing = 0;
		};
/* End PBXSourcesBuildPhase section */

/* Begin PBXVariantGroup section */
		188C612725E0DD2300376FD4 /* Main.storyboard */ = {
			isa = PBXVariantGroup;
			children = (
				188C612825E0DD2300376FD4 /* Base */,
			);
			name = Main.storyboard;
			sourceTree = "<group>";
		};
		188C612C25E0DD2500376FD4 /* LaunchScreen.storyboard */ = {
			isa = PBXVariantGroup;
			children = (
				188C612D25E0DD2500376FD4 /* Base */,
			);
			name = LaunchScreen.storyboard;
			sourceTree = "<group>";
		};
/* End PBXVariantGroup section */

/* Begin XCBuildConfiguration section */
		188C613025E0DD2500376FD4 /* Debug */ = {
			isa = XCBuildConfiguration;
			buildSettings = {
				ALWAYS_SEARCH_USER_PATHS = NO;
				CLANG_ANALYZER_NONNULL = YES;
				CLANG_ANALYZER_NUMBER_OBJECT_CONVERSION = YES_AGGRESSIVE;
				CLANG_CXX_LANGUAGE_STANDARD = "gnu++14";
				CLANG_CXX_LIBRARY = "libc++";
				CLANG_ENABLE_MODULES = YES;
				CLANG_ENABLE_OBJC_ARC = YES;
				CLANG_ENABLE_OBJC_WEAK = YES;
				CLANG_WARN_BLOCK_CAPTURE_AUTORELEASING = YES;
				CLANG_WARN_BOOL_CONVERSION = YES;
				CLANG_WARN_COMMA = YES;
				CLANG_WARN_CONSTANT_CONVERSION = YES;
				CLANG_WARN_DEPRECATED_OBJC_IMPLEMENTATIONS = YES;
				CLANG_WARN_DIRECT_OBJC_ISA_USAGE = YES_ERROR;
				CLANG_WARN_DOCUMENTATION_COMMENTS = YES;
				CLANG_WARN_EMPTY_BODY = YES;
				CLANG_WARN_ENUM_CONVERSION = YES;
				CLANG_WARN_INFINITE_RECURSION = YES;
				CLANG_WARN_INT_CONVERSION = YES;
				CLANG_WARN_NON_LITERAL_NULL_CONVERSION = YES;
				CLANG_WARN_OBJC_IMPLICIT_RETAIN_SELF = YES;
				CLANG_WARN_OBJC_LITERAL_CONVERSION = YES;
				CLANG_WARN_OBJC_ROOT_CLASS = YES_ERROR;
				CLANG_WARN_QUOTED_INCLUDE_IN_FRAMEWORK_HEADER = YES;
				CLANG_WARN_RANGE_LOOP_ANALYSIS = YES;
				CLANG_WARN_STRICT_PROTOTYPES = YES;
				CLANG_WARN_SUSPICIOUS_MOVE = YES;
				CLANG_WARN_UNGUARDED_AVAILABILITY = YES_AGGRESSIVE;
				CLANG_WARN_UNREACHABLE_CODE = YES;
				CLANG_WARN__DUPLICATE_METHOD_MATCH = YES;
				COPY_PHASE_STRIP = NO;
				DEBUG_INFORMATION_FORMAT = dwarf;
				ENABLE_STRICT_OBJC_MSGSEND = YES;
				ENABLE_TESTABILITY = YES;
				GCC_C_LANGUAGE_STANDARD = gnu11;
				GCC_DYNAMIC_NO_PIC = NO;
				GCC_NO_COMMON_BLOCKS = YES;
				GCC_OPTIMIZATION_LEVEL = 0;
				GCC_PREPROCESSOR_DEFINITIONS = (
					"DEBUG=1",
					"$(inherited)",
				);
				GCC_WARN_64_TO_32_BIT_CONVERSION = YES;
				GCC_WARN_ABOUT_RETURN_TYPE = YES_ERROR;
				GCC_WARN_UNDECLARED_SELECTOR = YES;
				GCC_WARN_UNINITIALIZED_AUTOS = YES_AGGRESSIVE;
				GCC_WARN_UNUSED_FUNCTION = YES;
				GCC_WARN_UNUSED_VARIABLE = YES;
				IPHONEOS_DEPLOYMENT_TARGET = 13.5;
				MTL_ENABLE_DEBUG_INFO = INCLUDE_SOURCE;
				MTL_FAST_MATH = YES;
				ONLY_ACTIVE_ARCH = YES;
				SDKROOT = iphoneos;
				SWIFT_ACTIVE_COMPILATION_CONDITIONS = DEBUG;
				SWIFT_OPTIMIZATION_LEVEL = "-Onone";
			};
			name = Debug;
		};
		188C613125E0DD2500376FD4 /* Release */ = {
			isa = XCBuildConfiguration;
			buildSettings = {
				ALWAYS_SEARCH_USER_PATHS = NO;
				CLANG_ANALYZER_NONNULL = YES;
				CLANG_ANALYZER_NUMBER_OBJECT_CONVERSION = YES_AGGRESSIVE;
				CLANG_CXX_LANGUAGE_STANDARD = "gnu++14";
				CLANG_CXX_LIBRARY = "libc++";
				CLANG_ENABLE_MODULES = YES;
				CLANG_ENABLE_OBJC_ARC = YES;
				CLANG_ENABLE_OBJC_WEAK = YES;
				CLANG_WARN_BLOCK_CAPTURE_AUTORELEASING = YES;
				CLANG_WARN_BOOL_CONVERSION = YES;
				CLANG_WARN_COMMA = YES;
				CLANG_WARN_CONSTANT_CONVERSION = YES;
				CLANG_WARN_DEPRECATED_OBJC_IMPLEMENTATIONS = YES;
				CLANG_WARN_DIRECT_OBJC_ISA_USAGE = YES_ERROR;
				CLANG_WARN_DOCUMENTATION_COMMENTS = YES;
				CLANG_WARN_EMPTY_BODY = YES;
				CLANG_WARN_ENUM_CONVERSION = YES;
				CLANG_WARN_INFINITE_RECURSION = YES;
				CLANG_WARN_INT_CONVERSION = YES;
				CLANG_WARN_NON_LITERAL_NULL_CONVERSION = YES;
				CLANG_WARN_OBJC_IMPLICIT_RETAIN_SELF = YES;
				CLANG_WARN_OBJC_LITERAL_CONVERSION = YES;
				CLANG_WARN_OBJC_ROOT_CLASS = YES_ERROR;
				CLANG_WARN_QUOTED_INCLUDE_IN_FRAMEWORK_HEADER = YES;
				CLANG_WARN_RANGE_LOOP_ANALYSIS = YES;
				CLANG_WARN_STRICT_PROTOTYPES = YES;
				CLANG_WARN_SUSPICIOUS_MOVE = YES;
				CLANG_WARN_UNGUARDED_AVAILABILITY = YES_AGGRESSIVE;
				CLANG_WARN_UNREACHABLE_CODE = YES;
				CLANG_WARN__DUPLICATE_METHOD_MATCH = YES;
				COPY_PHASE_STRIP = NO;
				DEBUG_INFORMATION_FORMAT = "dwarf-with-dsym";
				ENABLE_NS_ASSERTIONS = NO;
				ENABLE_STRICT_OBJC_MSGSEND = YES;
				GCC_C_LANGUAGE_STANDARD = gnu11;
				GCC_NO_COMMON_BLOCKS = YES;
				GCC_WARN_64_TO_32_BIT_CONVERSION = YES;
				GCC_WARN_ABOUT_RETURN_TYPE = YES_ERROR;
				GCC_WARN_UNDECLARED_SELECTOR = YES;
				GCC_WARN_UNINITIALIZED_AUTOS = YES_AGGRESSIVE;
				GCC_WARN_UNUSED_FUNCTION = YES;
				GCC_WARN_UNUSED_VARIABLE = YES;
				IPHONEOS_DEPLOYMENT_TARGET = 13.5;
				MTL_ENABLE_DEBUG_INFO = NO;
				MTL_FAST_MATH = YES;
				SDKROOT = iphoneos;
				SWIFT_COMPILATION_MODE = wholemodule;
				SWIFT_OPTIMIZATION_LEVEL = "-O";
				VALIDATE_PRODUCT = YES;
			};
			name = Release;
		};
		188C613325E0DD2500376FD4 /* Debug */ = {
			isa = XCBuildConfiguration;
			baseConfigurationReference = 005AE48F374210FB3B959D26 /* Pods-RealmTest.debug.xcconfig */;
			buildSettings = {
				ASSETCATALOG_COMPILER_APPICON_NAME = AppIcon;
				CODE_SIGN_STYLE = Automatic;
				DEVELOPMENT_TEAM = D2U85G9H4F;
				INFOPLIST_FILE = RealmTest/Info.plist;
				LD_RUNPATH_SEARCH_PATHS = (
					"$(inherited)",
					"@executable_path/Frameworks",
				);
				PRODUCT_BUNDLE_IDENTIFIER = dev.toaster.RealmTest;
				PRODUCT_NAME = "$(TARGET_NAME)";
				SWIFT_VERSION = 5.0;
				TARGETED_DEVICE_FAMILY = "1,2";
			};
			name = Debug;
		};
		188C613425E0DD2500376FD4 /* Release */ = {
			isa = XCBuildConfiguration;
			baseConfigurationReference = 4F27D4122CA7F91059020E51 /* Pods-RealmTest.release.xcconfig */;
			buildSettings = {
				ASSETCATALOG_COMPILER_APPICON_NAME = AppIcon;
				CODE_SIGN_STYLE = Automatic;
				DEVELOPMENT_TEAM = D2U85G9H4F;
				INFOPLIST_FILE = RealmTest/Info.plist;
				LD_RUNPATH_SEARCH_PATHS = (
					"$(inherited)",
					"@executable_path/Frameworks",
				);
				PRODUCT_BUNDLE_IDENTIFIER = dev.toaster.RealmTest;
				PRODUCT_NAME = "$(TARGET_NAME)";
				SWIFT_VERSION = 5.0;
				TARGETED_DEVICE_FAMILY = "1,2";
			};
			name = Release;
		};
/* End XCBuildConfiguration section */

/* Begin XCConfigurationList section */
		188C611925E0DD2300376FD4 /* Build configuration list for PBXProject "RealmTest" */ = {
			isa = XCConfigurationList;
			buildConfigurations = (
				188C613025E0DD2500376FD4 /* Debug */,
				188C613125E0DD2500376FD4 /* Release */,
			);
			defaultConfigurationIsVisible = 0;
			defaultConfigurationName = Release;
		};
		188C613225E0DD2500376FD4 /* Build configuration list for PBXNativeTarget "RealmTest" */ = {
			isa = XCConfigurationList;
			buildConfigurations = (
				188C613325E0DD2500376FD4 /* Debug */,
				188C613425E0DD2500376FD4 /* Release */,
			);
			defaultConfigurationIsVisible = 0;
			defaultConfigurationName = Release;
		};
/* End XCConfigurationList section */
	};
	rootObject = 188C611625E0DD2300376FD4 /* Project object */;
}
